{
  "name": "document-poc",
  "lockfileVersion": 3,
  "requires": true,
  "packages": {
    "": {
      "devDependencies": {
        "liquibase": "^4.28.1"
      }
    },
    "node_modules/liquibase": {
      "version": "4.28.1",
      "resolved": "https://registry.npmjs.org/liquibase/-/liquibase-4.28.1.tgz",
      "integrity": "sha512-UZCRA3wWYd57mt/fWkYZCpgOGrPWX/C6UGMd4uDCKxWA46Y6170Xq/YWDzMffNTKB61aMNkHCxvXrx/Ps5XINg==",
      "dev": true,
      "license": "MIT",
      "bin": {
        "node-liquibase": "dist/cli.js"
      },
      "engines": {
        "node": ">=6.9.0"
      }
    }
  }
}
